
Microsoft Visual Studio Solution File, Format Version 12.00
# Visual Studio Version 17
VisualStudioVersion = 17.5.33516.290
MinimumVisualStudioVersion = 10.0.40219.1
Project("{FAE04EC0-301F-11D3-BF4B-00C04F79EFBC}") = "project", "project.csproj", "{F40F7116-A2BD-4E4D-A476-68AE30BF3D37}"
EndProject
Global
	GlobalSection(SolutionConfigurationPlatforms) = preSolution
		Debug|Any CPU = Debug|Any CPU
		Release|Any CPU = Release|Any CPU
	EndGlobalSection
	GlobalSection(ProjectConfigurationPlatforms) = postSolution
		{F40F7116-A2BD-4E4D-A476-68AE30BF3D37}.Debug|Any CPU.ActiveCfg = Debug|Any CPU
		{F40F7116-A2BD-4E4D-A476-68AE30BF3D37}.Debug|Any CPU.Build.0 = Debug|Any CPU
		{F40F7116-A2BD-4E4D-A476-68AE30BF3D37}.Release|Any CPU.ActiveCfg = Release|Any CPU
		{F40F7116-A2BD-4E4D-A476-68AE30BF3D37}.Release|Any CPU.Build.0 = Release|Any CPU
	EndGlobalSection
	GlobalSection(SolutionProperties) = preSolution
		HideSolutionNode = FALSE
	EndGlobalSection
	GlobalSection(ExtensibilityGlobals) = postSolution
		SolutionGuid = {3DAFD075-3DB5-4216-88F3-48973C35ECE1}
	EndGlobalSection
EndGlobal
